
Microsoft Visual Studio Solution File, Format Version 12.00
# Visual Studio Version 17
VisualStudioVersion = 17.0.31903.59
MinimumVisualStudioVersion = 10.0.40219.1
Project("{FAE04EC0-301F-11D3-BF4B-00C04F79EFBC}") = "API", "API\API.csproj", "{9488357A-198C-4B06-A7E3-A0130F264DB4}"
EndProject
Project("{2150E333-8FDC-42A3-9474-1A3956D46DE8}") = "core", "core", "{FBF56CC3-7AE6-AD2D-3F14-7F97FD322CD6}"
EndProject
Project("{FAE04EC0-301F-11D3-BF4B-00C04F79EFBC}") = "Core", "core\Core.csproj", "{B40C6A87-DB07-4D19-8377-7B3D85E13330}"
EndProject
Project("{2150E333-8FDC-42A3-9474-1A3956D46DE8}") = "infrastructure", "infrastructure", "{DFEE68D8-A7D0-1A41-506C-9B74AA9A7B7B}"
EndProject
Project("{FAE04EC0-301F-11D3-BF4B-00C04F79EFBC}") = "Infrastructure", "infrastructure\Infrastructure.csproj", "{CA735834-C9F1-4F2A-AFC7-ACE128AE8F3C}"
EndProject
Global
	GlobalSection(SolutionConfigurationPlatforms) = preSolution
		Debug|Any CPU = Debug|Any CPU
		Debug|x64 = Debug|x64
		Debug|x86 = Debug|x86
		Release|Any CPU = Release|Any CPU
		Release|x64 = Release|x64
		Release|x86 = Release|x86
	EndGlobalSection
	GlobalSection(ProjectConfigurationPlatforms) = postSolution
		{9488357A-198C-4B06-A7E3-A0130F264DB4}.Debug|Any CPU.ActiveCfg = Debug|Any CPU
		{9488357A-198C-4B06-A7E3-A0130F264DB4}.Debug|Any CPU.Build.0 = Debug|Any CPU
		{9488357A-198C-4B06-A7E3-A0130F264DB4}.Debug|x64.ActiveCfg = Debug|Any CPU
		{9488357A-198C-4B06-A7E3-A0130F264DB4}.Debug|x64.Build.0 = Debug|Any CPU
		{9488357A-198C-4B06-A7E3-A0130F264DB4}.Debug|x86.ActiveCfg = Debug|Any CPU
		{9488357A-198C-4B06-A7E3-A0130F264DB4}.Debug|x86.Build.0 = Debug|Any CPU
		{9488357A-198C-4B06-A7E3-A0130F264DB4}.Release|Any CPU.ActiveCfg = Release|Any CPU
		{9488357A-198C-4B06-A7E3-A0130F264DB4}.Release|Any CPU.Build.0 = Release|Any CPU
		{9488357A-198C-4B06-A7E3-A0130F264DB4}.Release|x64.ActiveCfg = Release|Any CPU
		{9488357A-198C-4B06-A7E3-A0130F264DB4}.Release|x64.Build.0 = Release|Any CPU
		{9488357A-198C-4B06-A7E3-A0130F264DB4}.Release|x86.ActiveCfg = Release|Any CPU
		{9488357A-198C-4B06-A7E3-A0130F264DB4}.Release|x86.Build.0 = Release|Any CPU
		{B40C6A87-DB07-4D19-8377-7B3D85E13330}.Debug|Any CPU.ActiveCfg = Debug|Any CPU
		{B40C6A87-DB07-4D19-8377-7B3D85E13330}.Debug|Any CPU.Build.0 = Debug|Any CPU
		{B40C6A87-DB07-4D19-8377-7B3D85E13330}.Debug|x64.ActiveCfg = Debug|Any CPU
		{B40C6A87-DB07-4D19-8377-7B3D85E13330}.Debug|x64.Build.0 = Debug|Any CPU
		{B40C6A87-DB07-4D19-8377-7B3D85E13330}.Debug|x86.ActiveCfg = Debug|Any CPU
		{B40C6A87-DB07-4D19-8377-7B3D85E13330}.Debug|x86.Build.0 = Debug|Any CPU
		{B40C6A87-DB07-4D19-8377-7B3D85E13330}.Release|Any CPU.ActiveCfg = Release|Any CPU
		{B40C6A87-DB07-4D19-8377-7B3D85E13330}.Release|Any CPU.Build.0 = Release|Any CPU
		{B40C6A87-DB07-4D19-8377-7B3D85E13330}.Release|x64.ActiveCfg = Release|Any CPU
		{B40C6A87-DB07-4D19-8377-7B3D85E13330}.Release|x64.Build.0 = Release|Any CPU
		{B40C6A87-DB07-4D19-8377-7B3D85E13330}.Release|x86.ActiveCfg = Release|Any CPU
		{B40C6A87-DB07-4D19-8377-7B3D85E13330}.Release|x86.Build.0 = Release|Any CPU
		{CA735834-C9F1-4F2A-AFC7-ACE128AE8F3C}.Debug|Any CPU.ActiveCfg = Debug|Any CPU
		{CA735834-C9F1-4F2A-AFC7-ACE128AE8F3C}.Debug|Any CPU.Build.0 = Debug|Any CPU
		{CA735834-C9F1-4F2A-AFC7-ACE128AE8F3C}.Debug|x64.ActiveCfg = Debug|Any CPU
		{CA735834-C9F1-4F2A-AFC7-ACE128AE8F3C}.Debug|x64.Build.0 = Debug|Any CPU
		{CA735834-C9F1-4F2A-AFC7-ACE128AE8F3C}.Debug|x86.ActiveCfg = Debug|Any CPU
		{CA735834-C9F1-4F2A-AFC7-ACE128AE8F3C}.Debug|x86.Build.0 = Debug|Any CPU
		{CA735834-C9F1-4F2A-AFC7-ACE128AE8F3C}.Release|Any CPU.ActiveCfg = Release|Any CPU
		{CA735834-C9F1-4F2A-AFC7-ACE128AE8F3C}.Release|Any CPU.Build.0 = Release|Any CPU
		{CA735834-C9F1-4F2A-AFC7-ACE128AE8F3C}.Release|x64.ActiveCfg = Release|Any CPU
		{CA735834-C9F1-4F2A-AFC7-ACE128AE8F3C}.Release|x64.Build.0 = Release|Any CPU
		{CA735834-C9F1-4F2A-AFC7-ACE128AE8F3C}.Release|x86.ActiveCfg = Release|Any CPU
		{CA735834-C9F1-4F2A-AFC7-ACE128AE8F3C}.Release|x86.Build.0 = Release|Any CPU
	EndGlobalSection
	GlobalSection(SolutionProperties) = preSolution
		HideSolutionNode = FALSE
	EndGlobalSection
	GlobalSection(NestedProjects) = preSolution
		{B40C6A87-DB07-4D19-8377-7B3D85E13330} = {FBF56CC3-7AE6-AD2D-3F14-7F97FD322CD6}
		{CA735834-C9F1-4F2A-AFC7-ACE128AE8F3C} = {DFEE68D8-A7D0-1A41-506C-9B74AA9A7B7B}
	EndGlobalSection
EndGlobal
